// !$*UTF8*$!
{
	archiveVersion = 1;
	classes = {
	};
	objectVersion = 46;
	objects = {

/* Begin PBXBuildFile section */
		529D6E291B6F12A800F15014 /* AppDelegate.swift in Sources */ = {isa = PBXBuildFile; fileRef = 529D6E281B6F12A800F15014 /* AppDelegate.swift */; };
		529D6E2B1B6F12A800F15014 /* ViewController.swift in Sources */ = {isa = PBXBuildFile; fileRef = 529D6E2A1B6F12A800F15014 /* ViewController.swift */; };
		529D6E2E1B6F12A800F15014 /* Main.storyboard in Resources */ = {isa = PBXBuildFile; fileRef = 529D6E2C1B6F12A800F15014 /* Main.storyboard */; };
		529D6E301B6F12A800F15014 /* Images.xcassets in Resources */ = {isa = PBXBuildFile; fileRef = 529D6E2F1B6F12A800F15014 /* Images.xcassets */; };
		529D6E331B6F12A800F15014 /* LaunchScreen.xib in Resources */ = {isa = PBXBuildFile; fileRef = 529D6E311B6F12A800F15014 /* LaunchScreen.xib */; };
		529D6E3F1B6F12A900F15014 /* War1Tests.swift in Sources */ = {isa = PBXBuildFile; fileRef = 529D6E3E1B6F12A900F15014 /* War1Tests.swift */; };
/* End PBXBuildFile section */

/* Begin PBXContainerItemProxy section */
		529D6E391B6F12A900F15014 /* PBXContainerItemProxy */ = {
			isa = PBXContainerItemProxy;
			containerPortal = 529D6E1B1B6F12A800F15014 /* Project object */;
			proxyType = 1;
			remoteGlobalIDString = 529D6E221B6F12A800F15014;
			remoteInfo = War1;
		};
/* End PBXContainerItemProxy section */

/* Begin PBXFileReference section */
		529D6E231B6F12A800F15014 /* War1.app */ = {isa = PBXFileReference; explicitFileType = wrapper.application; includeInIndex = 0; path = War1.app; sourceTree = BUILT_PRODUCTS_DIR; };
		529D6E271B6F12A800F15014 /* Info.plist */ = {isa = PBXFileReference; lastKnownFileType = text.plist.xml; path = Info.plist; sourceTree = "<group>"; };
		529D6E281B6F12A800F15014 /* AppDelegate.swift */ = {isa = PBXFileReference; lastKnownFileType = sourcecode.swift; path = AppDelegate.swift; sourceTree = "<group>"; };
		529D6E2A1B6F12A800F15014 /* ViewController.swift */ = {isa = PBXFileReference; lastKnownFileType = sourcecode.swift; path = ViewController.swift; sourceTree = "<group>"; };
		529D6E2D1B6F12A800F15014 /* Base */ = {isa = PBXFileReference; lastKnownFileType = file.storyboard; name = Base; path = Base.lproj/Main.storyboard; sourceTree = "<group>"; };
		529D6E2F1B6F12A800F15014 /* Images.xcassets */ = {isa = PBXFileReference; lastKnownFileType = folder.assetcatalog; path = Images.xcassets; sourceTree = "<group>"; };
		529D6E321B6F12A800F15014 /* Base */ = {isa = PBXFileReference; lastKnownFileType = file.xib; name = Base; path = Base.lproj/LaunchScreen.xib; sourceTree = "<group>"; };
		529D6E381B6F12A900F15014 /* War1Tests.xctest */ = {isa = PBXFileReference; explicitFileType = wrapper.cfbundle; includeInIndex = 0; path = War1Tests.xctest; sourceTree = BUILT_PRODUCTS_DIR; };
		529D6E3D1B6F12A900F15014 /* Info.plist */ = {isa = PBXFileReference; lastKnownFileType = text.plist.xml; path = Info.plist; sourceTree = "<group>"; };
		529D6E3E1B6F12A900F15014 /* War1Tests.swift */ = {isa = PBXFileReference; lastKnownFileType = sourcecode.swift; path = War1Tests.swift; sourceTree = "<group>"; };
/* End PBXFileReference section */

/* Begin PBXFrameworksBuildPhase section */
		529D6E201B6F12A800F15014 /* Frameworks */ = {
			isa = PBXFrameworksBuildPhase;
			buildActionMask = 2147483647;
			files = (
			);
			runOnlyForDeploymentPostprocessing = 0;
		};
		529D6E351B6F12A900F15014 /* Frameworks */ = {
			isa = PBXFrameworksBuildPhase;
			buildActionMask = 2147483647;
			files = (
			);
			runOnlyForDeploymentPostprocessing = 0;
		};
/* End PBXFrameworksBuildPhase section */

/* Begin PBXGroup section */
		529D6E1A1B6F12A800F15014 = {
			isa = PBXGroup;
			children = (
				529D6E251B6F12A800F15014 /* War1 */,
				529D6E3B1B6F12A900F15014 /* War1Tests */,
				529D6E241B6F12A800F15014 /* Products */,
			);
			sourceTree = "<group>";
		};
		529D6E241B6F12A800F15014 /* Products */ = {
			isa = PBXGroup;
			children = (
				529D6E231B6F12A800F15014 /* War1.app */,
				529D6E381B6F12A900F15014 /* War1Tests.xctest */,
			);
			name = Products;
			sourceTree = "<group>";
		};
		529D6E251B6F12A800F15014 /* War1 */ = {
			isa = PBXGroup;
			children = (
				529D6E281B6F12A800F15014 /* AppDelegate.swift */,
				529D6E2A1B6F12A800F15014 /* ViewController.swift */,
				529D6E2C1B6F12A800F15014 /* Main.storyboard */,
				529D6E2F1B6F12A800F15014 /* Images.xcassets */,
				529D6E311B6F12A800F15014 /* LaunchScreen.xib */,
				529D6E261B6F12A800F15014 /* Supporting Files */,
			);
			path = War1;
			sourceTree = "<group>";
		};
		529D6E261B6F12A800F15014 /* Supporting Files */ = {
			isa = PBXGroup;
			children = (
				529D6E271B6F12A800F15014 /* Info.plist */,
			);
			name = "Supporting Files";
			sourceTree = "<group>";
		};
		529D6E3B1B6F12A900F15014 /* War1Tests */ = {
			isa = PBXGroup;
			children = (
				529D6E3E1B6F12A900F15014 /* War1Tests.swift */,
				529D6E3C1B6F12A900F15014 /* Supporting Files */,
			);
			path = War1Tests;
			sourceTree = "<group>";
		};
		529D6E3C1B6F12A900F15014 /* Supporting Files */ = {
			isa = PBXGroup;
			children = (
				529D6E3D1B6F12A900F15014 /* Info.plist */,
			);
			name = "Supporting Files";
			sourceTree = "<group>";
		};
/* End PBXGroup section */

/* Begin PBXNativeTarget section */
		529D6E221B6F12A800F15014 /* War1 */ = {
			isa = PBXNativeTarget;
			buildConfigurationList = 529D6E421B6F12A900F15014 /* Build configuration list for PBXNativeTarget "War1" */;
			buildPhases = (
				529D6E1F1B6F12A800F15014 /* Sources */,
				529D6E201B6F12A800F15014 /* Frameworks */,
				529D6E211B6F12A800F15014 /* Resources */,
			);
			buildRules = (
			);
			dependencies = (
			);
			name = War1;
			productName = War1;
			productReference = 529D6E231B6F12A800F15014 /* War1.app */;
			productType = "com.apple.product-type.application";
		};
		529D6E371B6F12A900F15014 /* War1Tests */ = {
			isa = PBXNativeTarget;
			buildConfigurationList = 529D6E451B6F12A900F15014 /* Build configuration list for PBXNativeTarget "War1Tests" */;
			buildPhases = (
				529D6E341B6F12A900F15014 /* Sources */,
				529D6E351B6F12A900F15014 /* Frameworks */,
				529D6E361B6F12A900F15014 /* Resources */,
			);
			buildRules = (
			);
			dependencies = (
				529D6E3A1B6F12A900F15014 /* PBXTargetDependency */,
			);
			name = War1Tests;
			productName = War1Tests;
			productReference = 529D6E381B6F12A900F15014 /* War1Tests.xctest */;
			productType = "com.apple.product-type.bundle.unit-test";
		};
/* End PBXNativeTarget section */

/* Begin PBXProject section */
		529D6E1B1B6F12A800F15014 /* Project object */ = {
			isa = PBXProject;
			attributes = {
				LastUpgradeCheck = 0640;
				ORGANIZATIONNAME = "Trieu Nguyen";
				TargetAttributes = {
					529D6E221B6F12A800F15014 = {
						CreatedOnToolsVersion = 6.4;
					};
					529D6E371B6F12A900F15014 = {
						CreatedOnToolsVersion = 6.4;
						TestTargetID = 529D6E221B6F12A800F15014;
					};
				};
			};
			buildConfigurationList = 529D6E1E1B6F12A800F15014 /* Build configuration list for PBXProject "War1" */;
			compatibilityVersion = "Xcode 3.2";
			developmentRegion = English;
			hasScannedForEncodings = 0;
			knownRegions = (
				en,
				Base,
			);
			mainGroup = 529D6E1A1B6F12A800F15014;
			productRefGroup = 529D6E241B6F12A800F15014 /* Products */;
			projectDirPath = "";
			projectRoot = "";
			targets = (
				529D6E221B6F12A800F15014 /* War1 */,
				529D6E371B6F12A900F15014 /* War1Tests */,
			);
		};
/* End PBXProject section */

/* Begin PBXResourcesBuildPhase section */
		529D6E211B6F12A800F15014 /* Resources */ = {
			isa = PBXResourcesBuildPhase;
			buildActionMask = 2147483647;
			files = (
				529D6E2E1B6F12A800F15014 /* Main.storyboard in Resources */,
				529D6E331B6F12A800F15014 /* LaunchScreen.xib in Resources */,
				529D6E301B6F12A800F15014 /* Images.xcassets in Resources */,
			);
			runOnlyForDeploymentPostprocessing = 0;
		};
		529D6E361B6F12A900F15014 /* Resources */ = {
			isa = PBXResourcesBuildPhase;
			buildActionMask = 2147483647;
			files = (
			);
			runOnlyForDeploymentPostprocessing = 0;
		};
/* End PBXResourcesBuildPhase section */

/* Begin PBXSourcesBuildPhase section */
		529D6E1F1B6F12A800F15014 /* Sources */ = {
			isa = PBXSourcesBuildPhase;
			buildActionMask = 2147483647;
			files = (
				529D6E2B1B6F12A800F15014 /* ViewController.swift in Sources */,
				529D6E291B6F12A800F15014 /* AppDelegate.swift in Sources */,
			);
			runOnlyForDeploymentPostprocessing = 0;
		};
		529D6E341B6F12A900F15014 /* Sources */ = {
			isa = PBXSourcesBuildPhase;
			buildActionMask = 2147483647;
			files = (
				529D6E3F1B6F12A900F15014 /* War1Tests.swift in Sources */,
			);
			runOnlyForDeploymentPostprocessing = 0;
		};
/* End PBXSourcesBuildPhase section */

/* Begin PBXTargetDependency section */
		529D6E3A1B6F12A900F15014 /* PBXTargetDependency */ = {
			isa = PBXTargetDependency;
			target = 529D6E221B6F12A800F15014 /* War1 */;
			targetProxy = 529D6E391B6F12A900F15014 /* PBXContainerItemProxy */;
		};
/* End PBXTargetDependency section */

/* Begin PBXVariantGroup section */
		529D6E2C1B6F12A800F15014 /* Main.storyboard */ = {
			isa = PBXVariantGroup;
			children = (
				529D6E2D1B6F12A800F15014 /* Base */,
			);
			name = Main.storyboard;
			sourceTree = "<group>";
		};
		529D6E311B6F12A800F15014 /* LaunchScreen.xib */ = {
			isa = PBXVariantGroup;
			children = (
				529D6E321B6F12A800F15014 /* Base */,
			);
			name = LaunchScreen.xib;
			sourceTree = "<group>";
		};
/* End PBXVariantGroup section */

/* Begin XCBuildConfiguration section */
		529D6E401B6F12A900F15014 /* Debug */ = {
			isa = XCBuildConfiguration;
			buildSettings = {
				ALWAYS_SEARCH_USER_PATHS = NO;
				CLANG_CXX_LANGUAGE_STANDARD = "gnu++0x";
				CLANG_CXX_LIBRARY = "libc++";
				CLANG_ENABLE_MODULES = YES;
				CLANG_ENABLE_OBJC_ARC = YES;
				CLANG_WARN_BOOL_CONVERSION = YES;
				CLANG_WARN_CONSTANT_CONVERSION = YES;
				CLANG_WARN_DIRECT_OBJC_ISA_USAGE = YES_ERROR;
				CLANG_WARN_EMPTY_BODY = YES;
				CLANG_WARN_ENUM_CONVERSION = YES;
				CLANG_WARN_INT_CONVERSION = YES;
				CLANG_WARN_OBJC_ROOT_CLASS = YES_ERROR;
				CLANG_WARN_UNREACHABLE_CODE = YES;
				CLANG_WARN__DUPLICATE_METHOD_MATCH = YES;
				"CODE_SIGN_IDENTITY[sdk=iphoneos*]" = "iPhone Developer";
				COPY_PHASE_STRIP = NO;
				DEBUG_INFORMATION_FORMAT = "dwarf-with-dsym";
				ENABLE_STRICT_OBJC_MSGSEND = YES;
				GCC_C_LANGUAGE_STANDARD = gnu99;
				GCC_DYNAMIC_NO_PIC = NO;
				GCC_NO_COMMON_BLOCKS = YES;
				GCC_OPTIMIZATION_LEVEL = 0;
				GCC_PREPROCESSOR_DEFINITIONS = (
					"DEBUG=1",
					"$(inherited)",
				);
				GCC_SYMBOLS_PRIVATE_EXTERN = NO;
				GCC_WARN_64_TO_32_BIT_CONVERSION = YES;
				GCC_WARN_ABOUT_RETURN_TYPE = YES_ERROR;
				GCC_WARN_UNDECLARED_SELECTOR = YES;
				GCC_WARN_UNINITIALIZED_AUTOS = YES_AGGRESSIVE;
				GCC_WARN_UNUSED_FUNCTION = YES;
				GCC_WARN_UNUSED_VARIABLE = YES;
				IPHONEOS_DEPLOYMENT_TARGET = 8.4;
				MTL_ENABLE_DEBUG_INFO = YES;
				ONLY_ACTIVE_ARCH = YES;
				SDKROOT = iphoneos;
				SWIFT_OPTIMIZATION_LEVEL = "-Onone";
			};
			name = Debug;
		};
		529D6E411B6F12A900F15014 /* Release */ = {
			isa = XCBuildConfiguration;
			buildSettings = {
				ALWAYS_SEARCH_USER_PATHS = NO;
				CLANG_CXX_LANGUAGE_STANDARD = "gnu++0x";
				CLANG_CXX_LIBRARY = "libc++";
				CLANG_ENABLE_MODULES = YES;
				CLANG_ENABLE_OBJC_ARC = YES;
				CLANG_WARN_BOOL_CONVERSION = YES;
				CLANG_WARN_CONSTANT_CONVERSION = YES;
				CLANG_WARN_DIRECT_OBJC_ISA_USAGE = YES_ERROR;
				CLANG_WARN_EMPTY_BODY = YES;
				CLANG_WARN_ENUM_CONVERSION = YES;
				CLANG_WARN_INT_CONVERSION = YES;
				CLANG_WARN_OBJC_ROOT_CLASS = YES_ERROR;
				CLANG_WARN_UNREACHABLE_CODE = YES;
				CLANG_WARN__DUPLICATE_METHOD_MATCH = YES;
				"CODE_SIGN_IDENTITY[sdk=iphoneos*]" = "iPhone Developer";
				COPY_PHASE_STRIP = NO;
				DEBUG_INFORMATION_FORMAT = "dwarf-with-dsym";
				ENABLE_NS_ASSERTIONS = NO;
				ENABLE_STRICT_OBJC_MSGSEND = YES;
				GCC_C_LANGUAGE_STANDARD = gnu99;
				GCC_NO_COMMON_BLOCKS = YES;
				GCC_WARN_64_TO_32_BIT_CONVERSION = YES;
				GCC_WARN_ABOUT_RETURN_TYPE = YES_ERROR;
				GCC_WARN_UNDECLARED_SELECTOR = YES;
				GCC_WARN_UNINITIALIZED_AUTOS = YES_AGGRESSIVE;
				GCC_WARN_UNUSED_FUNCTION = YES;
				GCC_WARN_UNUSED_VARIABLE = YES;
				IPHONEOS_DEPLOYMENT_TARGET = 8.4;
				MTL_ENABLE_DEBUG_INFO = NO;
				SDKROOT = iphoneos;
				VALIDATE_PRODUCT = YES;
			};
			name = Release;
		};
		529D6E431B6F12A900F15014 /* Debug */ = {
			isa = XCBuildConfiguration;
			buildSettings = {
				ASSETCATALOG_COMPILER_APPICON_NAME = AppIcon;
				INFOPLIST_FILE = War1/Info.plist;
				LD_RUNPATH_SEARCH_PATHS = "$(inherited) @executable_path/Frameworks";
				PRODUCT_NAME = "$(TARGET_NAME)";
			};
			name = Debug;
		};
		529D6E441B6F12A900F15014 /* Release */ = {
			isa = XCBuildConfiguration;
			buildSettings = {
				ASSETCATALOG_COMPILER_APPICON_NAME = AppIcon;
				INFOPLIST_FILE = War1/Info.plist;
				LD_RUNPATH_SEARCH_PATHS = "$(inherited) @executable_path/Frameworks";
				PRODUCT_NAME = "$(TARGET_NAME)";
			};
			name = Release;
		};
		529D6E461B6F12A900F15014 /* Debug */ = {
			isa = XCBuildConfiguration;
			buildSettings = {
				BUNDLE_LOADER = "$(TEST_HOST)";
				FRAMEWORK_SEARCH_PATHS = (
					"$(SDKROOT)/Developer/Library/Frameworks",
					"$(inherited)",
				);
				GCC_PREPROCESSOR_DEFINITIONS = (
					"DEBUG=1",
					"$(inherited)",
				);
				INFOPLIST_FILE = War1Tests/Info.plist;
				LD_RUNPATH_SEARCH_PATHS = "$(inherited) @executable_path/Frameworks @loader_path/Frameworks";
				PRODUCT_NAME = "$(TARGET_NAME)";
				TEST_HOST = "$(BUILT_PRODUCTS_DIR)/War1.app/War1";
			};
			name = Debug;
		};
		529D6E471B6F12A900F15014 /* Release */ = {
			isa = XCBuildConfiguration;
			buildSettings = {
				BUNDLE_LOADER = "$(TEST_HOST)";
				FRAMEWORK_SEARCH_PATHS = (
					"$(SDKROOT)/Developer/Library/Frameworks",
					"$(inherited)",
				);
				INFOPLIST_FILE = War1Tests/Info.plist;
				LD_RUNPATH_SEARCH_PATHS = "$(inherited) @executable_path/Frameworks @loader_path/Frameworks";
				PRODUCT_NAME = "$(TARGET_NAME)";
				TEST_HOST = "$(BUILT_PRODUCTS_DIR)/War1.app/War1";
			};
			name = Release;
		};
/* End XCBuildConfiguration section */

/* Begin XCConfigurationList section */
		529D6E1E1B6F12A800F15014 /* Build configuration list for PBXProject "War1" */ = {
			isa = XCConfigurationList;
			buildConfigurations = (
				529D6E401B6F12A900F15014 /* Debug */,
				529D6E411B6F12A900F15014 /* Release */,
			);
			defaultConfigurationIsVisible = 0;
			defaultConfigurationName = Release;
		};
		529D6E421B6F12A900F15014 /* Build configuration list for PBXNativeTarget "War1" */ = {
			isa = XCConfigurationList;
			buildConfigurations = (
				529D6E431B6F12A900F15014 /* Debug */,
				529D6E441B6F12A900F15014 /* Release */,
			);
			defaultConfigurationIsVisible = 0;
		};
		529D6E451B6F12A900F15014 /* Build configuration list for PBXNativeTarget "War1Tests" */ = {
			isa = XCConfigurationList;
			buildConfigurations = (
				529D6E461B6F12A900F15014 /* Debug */,
				529D6E471B6F12A900F15014 /* Release */,
			);
			defaultConfigurationIsVisible = 0;
		};
/* End XCConfigurationList section */
	};
	rootObject = 529D6E1B1B6F12A800F15014 /* Project object */;
}
